
Microsoft Visual Studio Solution File, Format Version 12.00
# Visual Studio Version 16
VisualStudioVersion = 16.0.31129.286
MinimumVisualStudioVersion = 10.0.40219.1
Project("{FAE04EC0-301F-11D3-BF4B-00C04F79EFBC}") = "open_xml", "open_xml\open_xml.csproj", "{0A4FF5FF-9C21-419B-94BA-F3EC471D8F71}"
EndProject
Global
	GlobalSection(SolutionConfigurationPlatforms) = preSolution
		Debug|Any CPU = Debug|Any CPU
		Release|Any CPU = Release|Any CPU
	EndGlobalSection
	GlobalSection(ProjectConfigurationPlatforms) = postSolution
		{0A4FF5FF-9C21-419B-94BA-F3EC471D8F71}.Debug|Any CPU.ActiveCfg = Debug|Any CPU
		{0A4FF5FF-9C21-419B-94BA-F3EC471D8F71}.Debug|Any CPU.Build.0 = Debug|Any CPU
		{0A4FF5FF-9C21-419B-94BA-F3EC471D8F71}.Release|Any CPU.ActiveCfg = Release|Any CPU
		{0A4FF5FF-9C21-419B-94BA-F3EC471D8F71}.Release|Any CPU.Build.0 = Release|Any CPU
	EndGlobalSection
	GlobalSection(SolutionProperties) = preSolution
		HideSolutionNode = FALSE
	EndGlobalSection
	GlobalSection(ExtensibilityGlobals) = postSolution
		SolutionGuid = {601F657C-501F-4132-B8AB-207F62284A2D}
	EndGlobalSection
EndGlobal
